// !$*UTF8*$!
{
	archiveVersion = 1;
	classes = {
	};
	objectVersion = 56;
	objects = {

/* Begin PBXBuildFile section */
		1D94F3FB918CE58B11530592 /* Pods_Kream.framework in Frameworks */ = {isa = PBXBuildFile; fileRef = 1A7E335E348675AE3B35859B /* Pods_Kream.framework */; };
		25F566C14F514B6CAE7EBDE4 /* Pods_Kream_KreamUITests.framework in Frameworks */ = {isa = PBXBuildFile; fileRef = FA3561AD3B405BCB0BCD6D27 /* Pods_Kream_KreamUITests.framework */; };
		970159C12C999125007DEA4B /* LoginModel.swift in Sources */ = {isa = PBXBuildFile; fileRef = 970159C02C999125007DEA4B /* LoginModel.swift */; };
		970159C62C99921E007DEA4B /* LoginView.swift in Sources */ = {isa = PBXBuildFile; fileRef = 970159C52C99921E007DEA4B /* LoginView.swift */; };
		972A41E92CA06D4D00A3E733 /* MyPageView.swift in Sources */ = {isa = PBXBuildFile; fileRef = 972A41E82CA06D4D00A3E733 /* MyPageView.swift */; };
		972A41EC2CA06E5B00A3E733 /* SnapKit in Frameworks */ = {isa = PBXBuildFile; productRef = 972A41EB2CA06E5B00A3E733 /* SnapKit */; };
		972A41EE2CA071C300A3E733 /* MainTabBarViewController.swift in Sources */ = {isa = PBXBuildFile; fileRef = 972A41ED2CA071C300A3E733 /* MainTabBarViewController.swift */; };
		972A41F02CA0766E00A3E733 /* HomeViewController.swift in Sources */ = {isa = PBXBuildFile; fileRef = 972A41EF2CA0766E00A3E733 /* HomeViewController.swift */; };
		972A41F22CA0768B00A3E733 /* StyleViewController.swift in Sources */ = {isa = PBXBuildFile; fileRef = 972A41F12CA0768B00A3E733 /* StyleViewController.swift */; };
		972A41F42CA0769D00A3E733 /* ShopViewController.swift in Sources */ = {isa = PBXBuildFile; fileRef = 972A41F32CA0769D00A3E733 /* ShopViewController.swift */; };
		972A41F62CA076AB00A3E733 /* SavedViewController.swift in Sources */ = {isa = PBXBuildFile; fileRef = 972A41F52CA076AB00A3E733 /* SavedViewController.swift */; };
		972A41F82CA076B900A3E733 /* MyPageViewController.swift in Sources */ = {isa = PBXBuildFile; fileRef = 972A41F72CA076B900A3E733 /* MyPageViewController.swift */; };
		9764A7882CA913A500FED49F /* SavedView.swift in Sources */ = {isa = PBXBuildFile; fileRef = 9764A7872CA913A500FED49F /* SavedView.swift */; };
		9764A78A2CA92E9500FED49F /* SavedModel.swift in Sources */ = {isa = PBXBuildFile; fileRef = 9764A7892CA92E9500FED49F /* SavedModel.swift */; };
		9764A78C2CA934F000FED49F /* SavedCell.swift in Sources */ = {isa = PBXBuildFile; fileRef = 9764A78B2CA934F000FED49F /* SavedCell.swift */; };
		976611CA2CB2BE600051365E /* HomeView.swift in Sources */ = {isa = PBXBuildFile; fileRef = 976611C92CB2BE600051365E /* HomeView.swift */; };
		97AD31472CA15147000E9717 /* ProfileManageViewController.swift in Sources */ = {isa = PBXBuildFile; fileRef = 97AD31462CA15147000E9717 /* ProfileManageViewController.swift */; };
		97AD31492CA1AD45000E9717 /* ProfileManageView.swift in Sources */ = {isa = PBXBuildFile; fileRef = 97AD31482CA1AD45000E9717 /* ProfileManageView.swift */; };
		97B5978B2C983753004E4921 /* AppDelegate.swift in Sources */ = {isa = PBXBuildFile; fileRef = 97B5978A2C983753004E4921 /* AppDelegate.swift */; };
		97B5978D2C983753004E4921 /* SceneDelegate.swift in Sources */ = {isa = PBXBuildFile; fileRef = 97B5978C2C983753004E4921 /* SceneDelegate.swift */; };
		97B5978F2C983753004E4921 /* LoginViewController.swift in Sources */ = {isa = PBXBuildFile; fileRef = 97B5978E2C983753004E4921 /* LoginViewController.swift */; };
		97B597942C983754004E4921 /* Assets.xcassets in Resources */ = {isa = PBXBuildFile; fileRef = 97B597932C983754004E4921 /* Assets.xcassets */; };
		97B597A22C983754004E4921 /* KreamTests.swift in Sources */ = {isa = PBXBuildFile; fileRef = 97B597A12C983754004E4921 /* KreamTests.swift */; };
		97B597AC2C983754004E4921 /* KreamUITests.swift in Sources */ = {isa = PBXBuildFile; fileRef = 97B597AB2C983754004E4921 /* KreamUITests.swift */; };
		97B597AE2C983754004E4921 /* KreamUITestsLaunchTests.swift in Sources */ = {isa = PBXBuildFile; fileRef = 97B597AD2C983754004E4921 /* KreamUITestsLaunchTests.swift */; };
		C1946220E05BEF29DBD04665 /* Pods_KreamTests.framework in Frameworks */ = {isa = PBXBuildFile; fileRef = 78F45B71F50CD0B315869D3A /* Pods_KreamTests.framework */; };
/* End PBXBuildFile section */

/* Begin PBXContainerItemProxy section */
		97B5979E2C983754004E4921 /* PBXContainerItemProxy */ = {
			isa = PBXContainerItemProxy;
			containerPortal = 97B5977F2C983753004E4921 /* Project object */;
			proxyType = 1;
			remoteGlobalIDString = 97B597862C983753004E4921;
			remoteInfo = Kream;
		};
		97B597A82C983754004E4921 /* PBXContainerItemProxy */ = {
			isa = PBXContainerItemProxy;
			containerPortal = 97B5977F2C983753004E4921 /* Project object */;
			proxyType = 1;
			remoteGlobalIDString = 97B597862C983753004E4921;
			remoteInfo = Kream;
		};
/* End PBXContainerItemProxy section */

/* Begin PBXFileReference section */
		1A7E335E348675AE3B35859B /* Pods_Kream.framework */ = {isa = PBXFileReference; explicitFileType = wrapper.framework; includeInIndex = 0; path = Pods_Kream.framework; sourceTree = BUILT_PRODUCTS_DIR; };
		35B5372972560EE290C756CA /* Pods-KreamTests.release.xcconfig */ = {isa = PBXFileReference; includeInIndex = 1; lastKnownFileType = text.xcconfig; name = "Pods-KreamTests.release.xcconfig"; path = "Target Support Files/Pods-KreamTests/Pods-KreamTests.release.xcconfig"; sourceTree = "<group>"; };
		37E78A9B0ED43995939B5806 /* Pods-Kream-KreamUITests.release.xcconfig */ = {isa = PBXFileReference; includeInIndex = 1; lastKnownFileType = text.xcconfig; name = "Pods-Kream-KreamUITests.release.xcconfig"; path = "Target Support Files/Pods-Kream-KreamUITests/Pods-Kream-KreamUITests.release.xcconfig"; sourceTree = "<group>"; };
		78F45B71F50CD0B315869D3A /* Pods_KreamTests.framework */ = {isa = PBXFileReference; explicitFileType = wrapper.framework; includeInIndex = 0; path = Pods_KreamTests.framework; sourceTree = BUILT_PRODUCTS_DIR; };
		970159C02C999125007DEA4B /* LoginModel.swift */ = {isa = PBXFileReference; lastKnownFileType = sourcecode.swift; path = LoginModel.swift; sourceTree = "<group>"; };
		970159C52C99921E007DEA4B /* LoginView.swift */ = {isa = PBXFileReference; lastKnownFileType = sourcecode.swift; path = LoginView.swift; sourceTree = "<group>"; };
		972A41E82CA06D4D00A3E733 /* MyPageView.swift */ = {isa = PBXFileReference; lastKnownFileType = sourcecode.swift; path = MyPageView.swift; sourceTree = "<group>"; };
		972A41ED2CA071C300A3E733 /* MainTabBarViewController.swift */ = {isa = PBXFileReference; lastKnownFileType = sourcecode.swift; path = MainTabBarViewController.swift; sourceTree = "<group>"; };
		972A41EF2CA0766E00A3E733 /* HomeViewController.swift */ = {isa = PBXFileReference; lastKnownFileType = sourcecode.swift; path = HomeViewController.swift; sourceTree = "<group>"; };
		972A41F12CA0768B00A3E733 /* StyleViewController.swift */ = {isa = PBXFileReference; lastKnownFileType = sourcecode.swift; path = StyleViewController.swift; sourceTree = "<group>"; };
		972A41F32CA0769D00A3E733 /* ShopViewController.swift */ = {isa = PBXFileReference; lastKnownFileType = sourcecode.swift; path = ShopViewController.swift; sourceTree = "<group>"; };
		972A41F52CA076AB00A3E733 /* SavedViewController.swift */ = {isa = PBXFileReference; lastKnownFileType = sourcecode.swift; path = SavedViewController.swift; sourceTree = "<group>"; };
		972A41F72CA076B900A3E733 /* MyPageViewController.swift */ = {isa = PBXFileReference; lastKnownFileType = sourcecode.swift; path = MyPageViewController.swift; sourceTree = "<group>"; };
		9764A7872CA913A500FED49F /* SavedView.swift */ = {isa = PBXFileReference; lastKnownFileType = sourcecode.swift; path = SavedView.swift; sourceTree = "<group>"; };
		9764A7892CA92E9500FED49F /* SavedModel.swift */ = {isa = PBXFileReference; lastKnownFileType = sourcecode.swift; path = SavedModel.swift; sourceTree = "<group>"; };
		9764A78B2CA934F000FED49F /* SavedCell.swift */ = {isa = PBXFileReference; lastKnownFileType = sourcecode.swift; path = SavedCell.swift; sourceTree = "<group>"; };
		976611C92CB2BE600051365E /* HomeView.swift */ = {isa = PBXFileReference; lastKnownFileType = sourcecode.swift; path = HomeView.swift; sourceTree = "<group>"; };
		97AD31462CA15147000E9717 /* ProfileManageViewController.swift */ = {isa = PBXFileReference; lastKnownFileType = sourcecode.swift; name = ProfileManageViewController.swift; path = Kream/ViewControllers/ProfileManageViewController.swift; sourceTree = SOURCE_ROOT; };
		97AD31482CA1AD45000E9717 /* ProfileManageView.swift */ = {isa = PBXFileReference; lastKnownFileType = sourcecode.swift; path = ProfileManageView.swift; sourceTree = "<group>"; };
		97B597872C983753004E4921 /* Kream.app */ = {isa = PBXFileReference; explicitFileType = wrapper.application; includeInIndex = 0; path = Kream.app; sourceTree = BUILT_PRODUCTS_DIR; };
		97B5978A2C983753004E4921 /* AppDelegate.swift */ = {isa = PBXFileReference; lastKnownFileType = sourcecode.swift; path = AppDelegate.swift; sourceTree = "<group>"; };
		97B5978C2C983753004E4921 /* SceneDelegate.swift */ = {isa = PBXFileReference; lastKnownFileType = sourcecode.swift; path = SceneDelegate.swift; sourceTree = "<group>"; };
		97B5978E2C983753004E4921 /* LoginViewController.swift */ = {isa = PBXFileReference; lastKnownFileType = sourcecode.swift; path = LoginViewController.swift; sourceTree = "<group>"; };
		97B597932C983754004E4921 /* Assets.xcassets */ = {isa = PBXFileReference; lastKnownFileType = folder.assetcatalog; path = Assets.xcassets; sourceTree = "<group>"; };
		97B597982C983754004E4921 /* Info.plist */ = {isa = PBXFileReference; lastKnownFileType = text.plist.xml; path = Info.plist; sourceTree = "<group>"; };
		97B5979D2C983754004E4921 /* KreamTests.xctest */ = {isa = PBXFileReference; explicitFileType = wrapper.cfbundle; includeInIndex = 0; path = KreamTests.xctest; sourceTree = BUILT_PRODUCTS_DIR; };
		97B597A12C983754004E4921 /* KreamTests.swift */ = {isa = PBXFileReference; lastKnownFileType = sourcecode.swift; path = KreamTests.swift; sourceTree = "<group>"; };
		97B597A72C983754004E4921 /* KreamUITests.xctest */ = {isa = PBXFileReference; explicitFileType = wrapper.cfbundle; includeInIndex = 0; path = KreamUITests.xctest; sourceTree = BUILT_PRODUCTS_DIR; };
		97B597AB2C983754004E4921 /* KreamUITests.swift */ = {isa = PBXFileReference; lastKnownFileType = sourcecode.swift; path = KreamUITests.swift; sourceTree = "<group>"; };
		97B597AD2C983754004E4921 /* KreamUITestsLaunchTests.swift */ = {isa = PBXFileReference; lastKnownFileType = sourcecode.swift; path = KreamUITestsLaunchTests.swift; sourceTree = "<group>"; };
		A4898936340F9DDFB9945E53 /* Pods-Kream.debug.xcconfig */ = {isa = PBXFileReference; includeInIndex = 1; lastKnownFileType = text.xcconfig; name = "Pods-Kream.debug.xcconfig"; path = "Target Support Files/Pods-Kream/Pods-Kream.debug.xcconfig"; sourceTree = "<group>"; };
		B1EBA5746875E73CD927C46F /* Pods-Kream-KreamUITests.debug.xcconfig */ = {isa = PBXFileReference; includeInIndex = 1; lastKnownFileType = text.xcconfig; name = "Pods-Kream-KreamUITests.debug.xcconfig"; path = "Target Support Files/Pods-Kream-KreamUITests/Pods-Kream-KreamUITests.debug.xcconfig"; sourceTree = "<group>"; };
		B4DD0DA48C7812308DB83063 /* Pods-Kream.release.xcconfig */ = {isa = PBXFileReference; includeInIndex = 1; lastKnownFileType = text.xcconfig; name = "Pods-Kream.release.xcconfig"; path = "Target Support Files/Pods-Kream/Pods-Kream.release.xcconfig"; sourceTree = "<group>"; };
		BBF3DFA52F9C04D97C8C810E /* Pods-KreamTests.debug.xcconfig */ = {isa = PBXFileReference; includeInIndex = 1; lastKnownFileType = text.xcconfig; name = "Pods-KreamTests.debug.xcconfig"; path = "Target Support Files/Pods-KreamTests/Pods-KreamTests.debug.xcconfig"; sourceTree = "<group>"; };
		FA3561AD3B405BCB0BCD6D27 /* Pods_Kream_KreamUITests.framework */ = {isa = PBXFileReference; explicitFileType = wrapper.framework; includeInIndex = 0; path = Pods_Kream_KreamUITests.framework; sourceTree = BUILT_PRODUCTS_DIR; };
/* End PBXFileReference section */

/* Begin PBXFrameworksBuildPhase section */
		97B597842C983753004E4921 /* Frameworks */ = {
			isa = PBXFrameworksBuildPhase;
			buildActionMask = 2147483647;
			files = (
				1D94F3FB918CE58B11530592 /* Pods_Kream.framework in Frameworks */,
				972A41EC2CA06E5B00A3E733 /* SnapKit in Frameworks */,
			);
			runOnlyForDeploymentPostprocessing = 0;
		};
		97B5979A2C983754004E4921 /* Frameworks */ = {
			isa = PBXFrameworksBuildPhase;
			buildActionMask = 2147483647;
			files = (
				C1946220E05BEF29DBD04665 /* Pods_KreamTests.framework in Frameworks */,
			);
			runOnlyForDeploymentPostprocessing = 0;
		};
		97B597A42C983754004E4921 /* Frameworks */ = {
			isa = PBXFrameworksBuildPhase;
			buildActionMask = 2147483647;
			files = (
				25F566C14F514B6CAE7EBDE4 /* Pods_Kream_KreamUITests.framework in Frameworks */,
			);
			runOnlyForDeploymentPostprocessing = 0;
		};
/* End PBXFrameworksBuildPhase section */

/* Begin PBXGroup section */
		970159C22C99912A007DEA4B /* Models */ = {
			isa = PBXGroup;
			children = (
				970159C02C999125007DEA4B /* LoginModel.swift */,
				9764A7892CA92E9500FED49F /* SavedModel.swift */,
			);
			path = Models;
			sourceTree = "<group>";
		};
		970159C32C9991F7007DEA4B /* ViewControllers */ = {
			isa = PBXGroup;
			children = (
				97B5978E2C983753004E4921 /* LoginViewController.swift */,
				972A41ED2CA071C300A3E733 /* MainTabBarViewController.swift */,
				972A41EF2CA0766E00A3E733 /* HomeViewController.swift */,
				972A41F12CA0768B00A3E733 /* StyleViewController.swift */,
				972A41F32CA0769D00A3E733 /* ShopViewController.swift */,
				972A41F52CA076AB00A3E733 /* SavedViewController.swift */,
				972A41F72CA076B900A3E733 /* MyPageViewController.swift */,
				97AD31462CA15147000E9717 /* ProfileManageViewController.swift */,
			);
			path = ViewControllers;
			sourceTree = "<group>";
		};
		970159C42C999202007DEA4B /* Views */ = {
			isa = PBXGroup;
			children = (
				970159C52C99921E007DEA4B /* LoginView.swift */,
				976611C92CB2BE600051365E /* HomeView.swift */,
				9764A78B2CA934F000FED49F /* SavedCell.swift */,
				9764A7872CA913A500FED49F /* SavedView.swift */,
				972A41E82CA06D4D00A3E733 /* MyPageView.swift */,
				97AD31482CA1AD45000E9717 /* ProfileManageView.swift */,
			);
			path = Views;
			sourceTree = "<group>";
		};
		97B5977E2C983753004E4921 = {
			isa = PBXGroup;
			children = (
				97B597892C983753004E4921 /* Kream */,
				97B597A02C983754004E4921 /* KreamTests */,
				97B597AA2C983754004E4921 /* KreamUITests */,
				97B597882C983753004E4921 /* Products */,
				9A5E54758B140E266F733FDF /* Pods */,
				B603A5E9D4577A6745F0E064 /* Frameworks */,
			);
			sourceTree = "<group>";
		};
		97B597882C983753004E4921 /* Products */ = {
			isa = PBXGroup;
			children = (
				97B597872C983753004E4921 /* Kream.app */,
				97B5979D2C983754004E4921 /* KreamTests.xctest */,
				97B597A72C983754004E4921 /* KreamUITests.xctest */,
			);
			name = Products;
			sourceTree = "<group>";
		};
		97B597892C983753004E4921 /* Kream */ = {
			isa = PBXGroup;
			children = (
				97B5978A2C983753004E4921 /* AppDelegate.swift */,
				97B5978C2C983753004E4921 /* SceneDelegate.swift */,
				970159C22C99912A007DEA4B /* Models */,
				970159C42C999202007DEA4B /* Views */,
				970159C32C9991F7007DEA4B /* ViewControllers */,
				97B597932C983754004E4921 /* Assets.xcassets */,
				97B597982C983754004E4921 /* Info.plist */,
			);
			path = Kream;
			sourceTree = "<group>";
		};
		97B597A02C983754004E4921 /* KreamTests */ = {
			isa = PBXGroup;
			children = (
				97B597A12C983754004E4921 /* KreamTests.swift */,
			);
			path = KreamTests;
			sourceTree = "<group>";
		};
		97B597AA2C983754004E4921 /* KreamUITests */ = {
			isa = PBXGroup;
			children = (
				97B597AB2C983754004E4921 /* KreamUITests.swift */,
				97B597AD2C983754004E4921 /* KreamUITestsLaunchTests.swift */,
			);
			path = KreamUITests;
			sourceTree = "<group>";
		};
		9A5E54758B140E266F733FDF /* Pods */ = {
			isa = PBXGroup;
			children = (
				A4898936340F9DDFB9945E53 /* Pods-Kream.debug.xcconfig */,
				B4DD0DA48C7812308DB83063 /* Pods-Kream.release.xcconfig */,
				B1EBA5746875E73CD927C46F /* Pods-Kream-KreamUITests.debug.xcconfig */,
				37E78A9B0ED43995939B5806 /* Pods-Kream-KreamUITests.release.xcconfig */,
				BBF3DFA52F9C04D97C8C810E /* Pods-KreamTests.debug.xcconfig */,
				35B5372972560EE290C756CA /* Pods-KreamTests.release.xcconfig */,
			);
			path = Pods;
			sourceTree = "<group>";
		};
		B603A5E9D4577A6745F0E064 /* Frameworks */ = {
			isa = PBXGroup;
			children = (
				1A7E335E348675AE3B35859B /* Pods_Kream.framework */,
				FA3561AD3B405BCB0BCD6D27 /* Pods_Kream_KreamUITests.framework */,
				78F45B71F50CD0B315869D3A /* Pods_KreamTests.framework */,
			);
			name = Frameworks;
			sourceTree = "<group>";
		};
/* End PBXGroup section */

/* Begin PBXNativeTarget section */
		97B597862C983753004E4921 /* Kream */ = {
			isa = PBXNativeTarget;
			buildConfigurationList = 97B597B12C983754004E4921 /* Build configuration list for PBXNativeTarget "Kream" */;
			buildPhases = (
				8A192EB81A76E1C0B4A85098 /* [CP] Check Pods Manifest.lock */,
				97B597832C983753004E4921 /* Sources */,
				97B597842C983753004E4921 /* Frameworks */,
				97B597852C983753004E4921 /* Resources */,
				F9ADD682CA3D9BB39B39EA47 /* [CP] Embed Pods Frameworks */,
			);
			buildRules = (
			);
			dependencies = (
			);
			name = Kream;
			packageProductDependencies = (
				972A41EB2CA06E5B00A3E733 /* SnapKit */,
			);
			productName = Kream;
			productReference = 97B597872C983753004E4921 /* Kream.app */;
			productType = "com.apple.product-type.application";
		};
		97B5979C2C983754004E4921 /* KreamTests */ = {
			isa = PBXNativeTarget;
			buildConfigurationList = 97B597B42C983754004E4921 /* Build configuration list for PBXNativeTarget "KreamTests" */;
			buildPhases = (
				8CFE81F45060373E32B40CF6 /* [CP] Check Pods Manifest.lock */,
				97B597992C983754004E4921 /* Sources */,
				97B5979A2C983754004E4921 /* Frameworks */,
				97B5979B2C983754004E4921 /* Resources */,
			);
			buildRules = (
			);
			dependencies = (
				97B5979F2C983754004E4921 /* PBXTargetDependency */,
			);
			name = KreamTests;
			productName = KreamTests;
			productReference = 97B5979D2C983754004E4921 /* KreamTests.xctest */;
			productType = "com.apple.product-type.bundle.unit-test";
		};
		97B597A62C983754004E4921 /* KreamUITests */ = {
			isa = PBXNativeTarget;
			buildConfigurationList = 97B597B72C983754004E4921 /* Build configuration list for PBXNativeTarget "KreamUITests" */;
			buildPhases = (
				0640BE312CD33DB0460B3B88 /* [CP] Check Pods Manifest.lock */,
				97B597A32C983754004E4921 /* Sources */,
				97B597A42C983754004E4921 /* Frameworks */,
				97B597A52C983754004E4921 /* Resources */,
				C2515B9CE55285C4818AB62C /* [CP] Embed Pods Frameworks */,
			);
			buildRules = (
			);
			dependencies = (
				97B597A92C983754004E4921 /* PBXTargetDependency */,
			);
			name = KreamUITests;
			productName = KreamUITests;
			productReference = 97B597A72C983754004E4921 /* KreamUITests.xctest */;
			productType = "com.apple.product-type.bundle.ui-testing";
		};
/* End PBXNativeTarget section */

/* Begin PBXProject section */
		97B5977F2C983753004E4921 /* Project object */ = {
			isa = PBXProject;
			attributes = {
				BuildIndependentTargetsInParallel = 1;
				LastSwiftUpdateCheck = 1540;
				LastUpgradeCheck = 1540;
				TargetAttributes = {
					97B597862C983753004E4921 = {
						CreatedOnToolsVersion = 15.4;
					};
					97B5979C2C983754004E4921 = {
						CreatedOnToolsVersion = 15.4;
						TestTargetID = 97B597862C983753004E4921;
					};
					97B597A62C983754004E4921 = {
						CreatedOnToolsVersion = 15.4;
						TestTargetID = 97B597862C983753004E4921;
					};
				};
			};
			buildConfigurationList = 97B597822C983753004E4921 /* Build configuration list for PBXProject "Kream" */;
			compatibilityVersion = "Xcode 14.0";
			developmentRegion = en;
			hasScannedForEncodings = 0;
			knownRegions = (
				en,
				Base,
			);
			mainGroup = 97B5977E2C983753004E4921;
			packageReferences = (
				972A41EA2CA06E5B00A3E733 /* XCRemoteSwiftPackageReference "SnapKit" */,
			);
			productRefGroup = 97B597882C983753004E4921 /* Products */;
			projectDirPath = "";
			projectRoot = "";
			targets = (
				97B597862C983753004E4921 /* Kream */,
				97B5979C2C983754004E4921 /* KreamTests */,
				97B597A62C983754004E4921 /* KreamUITests */,
			);
		};
/* End PBXProject section */

/* Begin PBXResourcesBuildPhase section */
		97B597852C983753004E4921 /* Resources */ = {
			isa = PBXResourcesBuildPhase;
			buildActionMask = 2147483647;
			files = (
				97B597942C983754004E4921 /* Assets.xcassets in Resources */,
			);
			runOnlyForDeploymentPostprocessing = 0;
		};
		97B5979B2C983754004E4921 /* Resources */ = {
			isa = PBXResourcesBuildPhase;
			buildActionMask = 2147483647;
			files = (
			);
			runOnlyForDeploymentPostprocessing = 0;
		};
		97B597A52C983754004E4921 /* Resources */ = {
			isa = PBXResourcesBuildPhase;
			buildActionMask = 2147483647;
			files = (
			);
			runOnlyForDeploymentPostprocessing = 0;
		};
/* End PBXResourcesBuildPhase section */

/* Begin PBXShellScriptBuildPhase section */
		0640BE312CD33DB0460B3B88 /* [CP] Check Pods Manifest.lock */ = {
			isa = PBXShellScriptBuildPhase;
			buildActionMask = 2147483647;
			files = (
			);
			inputFileListPaths = (
			);
			inputPaths = (
				"${PODS_PODFILE_DIR_PATH}/Podfile.lock",
				"${PODS_ROOT}/Manifest.lock",
			);
			name = "[CP] Check Pods Manifest.lock";
			outputFileListPaths = (
			);
			outputPaths = (
				"$(DERIVED_FILE_DIR)/Pods-Kream-KreamUITests-checkManifestLockResult.txt",
			);
			runOnlyForDeploymentPostprocessing = 0;
			shellPath = /bin/sh;
			shellScript = "diff \"${PODS_PODFILE_DIR_PATH}/Podfile.lock\" \"${PODS_ROOT}/Manifest.lock\" > /dev/null\nif [ $? != 0 ] ; then\n    # print error to STDERR\n    echo \"error: The sandbox is not in sync with the Podfile.lock. Run 'pod install' or update your CocoaPods installation.\" >&2\n    exit 1\nfi\n# This output is used by Xcode 'outputs' to avoid re-running this script phase.\necho \"SUCCESS\" > \"${SCRIPT_OUTPUT_FILE_0}\"\n";
			showEnvVarsInLog = 0;
		};
		8A192EB81A76E1C0B4A85098 /* [CP] Check Pods Manifest.lock */ = {
			isa = PBXShellScriptBuildPhase;
			buildActionMask = 2147483647;
			files = (
			);
			inputFileListPaths = (
			);
			inputPaths = (
				"${PODS_PODFILE_DIR_PATH}/Podfile.lock",
				"${PODS_ROOT}/Manifest.lock",
			);
			name = "[CP] Check Pods Manifest.lock";
			outputFileListPaths = (
			);
			outputPaths = (
				"$(DERIVED_FILE_DIR)/Pods-Kream-checkManifestLockResult.txt",
			);
			runOnlyForDeploymentPostprocessing = 0;
			shellPath = /bin/sh;
			shellScript = "diff \"${PODS_PODFILE_DIR_PATH}/Podfile.lock\" \"${PODS_ROOT}/Manifest.lock\" > /dev/null\nif [ $? != 0 ] ; then\n    # print error to STDERR\n    echo \"error: The sandbox is not in sync with the Podfile.lock. Run 'pod install' or update your CocoaPods installation.\" >&2\n    exit 1\nfi\n# This output is used by Xcode 'outputs' to avoid re-running this script phase.\necho \"SUCCESS\" > \"${SCRIPT_OUTPUT_FILE_0}\"\n";
			showEnvVarsInLog = 0;
		};
		8CFE81F45060373E32B40CF6 /* [CP] Check Pods Manifest.lock */ = {
			isa = PBXShellScriptBuildPhase;
			buildActionMask = 2147483647;
			files = (
			);
			inputFileListPaths = (
			);
			inputPaths = (
				"${PODS_PODFILE_DIR_PATH}/Podfile.lock",
				"${PODS_ROOT}/Manifest.lock",
			);
			name = "[CP] Check Pods Manifest.lock";
			outputFileListPaths = (
			);
			outputPaths = (
				"$(DERIVED_FILE_DIR)/Pods-KreamTests-checkManifestLockResult.txt",
			);
			runOnlyForDeploymentPostprocessing = 0;
			shellPath = /bin/sh;
			shellScript = "diff \"${PODS_PODFILE_DIR_PATH}/Podfile.lock\" \"${PODS_ROOT}/Manifest.lock\" > /dev/null\nif [ $? != 0 ] ; then\n    # print error to STDERR\n    echo \"error: The sandbox is not in sync with the Podfile.lock. Run 'pod install' or update your CocoaPods installation.\" >&2\n    exit 1\nfi\n# This output is used by Xcode 'outputs' to avoid re-running this script phase.\necho \"SUCCESS\" > \"${SCRIPT_OUTPUT_FILE_0}\"\n";
			showEnvVarsInLog = 0;
		};
		C2515B9CE55285C4818AB62C /* [CP] Embed Pods Frameworks */ = {
			isa = PBXShellScriptBuildPhase;
			buildActionMask = 2147483647;
			files = (
			);
			inputFileListPaths = (
				"${PODS_ROOT}/Target Support Files/Pods-Kream-KreamUITests/Pods-Kream-KreamUITests-frameworks-${CONFIGURATION}-input-files.xcfilelist",
			);
			name = "[CP] Embed Pods Frameworks";
			outputFileListPaths = (
				"${PODS_ROOT}/Target Support Files/Pods-Kream-KreamUITests/Pods-Kream-KreamUITests-frameworks-${CONFIGURATION}-output-files.xcfilelist",
			);
			runOnlyForDeploymentPostprocessing = 0;
			shellPath = /bin/sh;
			shellScript = "\"${PODS_ROOT}/Target Support Files/Pods-Kream-KreamUITests/Pods-Kream-KreamUITests-frameworks.sh\"\n";
			showEnvVarsInLog = 0;
		};
		F9ADD682CA3D9BB39B39EA47 /* [CP] Embed Pods Frameworks */ = {
			isa = PBXShellScriptBuildPhase;
			buildActionMask = 2147483647;
			files = (
			);
			inputFileListPaths = (
				"${PODS_ROOT}/Target Support Files/Pods-Kream/Pods-Kream-frameworks-${CONFIGURATION}-input-files.xcfilelist",
			);
			name = "[CP] Embed Pods Frameworks";
			outputFileListPaths = (
				"${PODS_ROOT}/Target Support Files/Pods-Kream/Pods-Kream-frameworks-${CONFIGURATION}-output-files.xcfilelist",
			);
			runOnlyForDeploymentPostprocessing = 0;
			shellPath = /bin/sh;
			shellScript = "\"${PODS_ROOT}/Target Support Files/Pods-Kream/Pods-Kream-frameworks.sh\"\n";
			showEnvVarsInLog = 0;
		};
/* End PBXShellScriptBuildPhase section */

/* Begin PBXSourcesBuildPhase section */
		97B597832C983753004E4921 /* Sources */ = {
			isa = PBXSourcesBuildPhase;
			buildActionMask = 2147483647;
			files = (
				97B5978F2C983753004E4921 /* LoginViewController.swift in Sources */,
				970159C12C999125007DEA4B /* LoginModel.swift in Sources */,
				972A41F42CA0769D00A3E733 /* ShopViewController.swift in Sources */,
				97B5978B2C983753004E4921 /* AppDelegate.swift in Sources */,
				97AD31472CA15147000E9717 /* ProfileManageViewController.swift in Sources */,
				97AD31492CA1AD45000E9717 /* ProfileManageView.swift in Sources */,
				972A41F22CA0768B00A3E733 /* StyleViewController.swift in Sources */,
				972A41F02CA0766E00A3E733 /* HomeViewController.swift in Sources */,
				972A41EE2CA071C300A3E733 /* MainTabBarViewController.swift in Sources */,
				976611CA2CB2BE600051365E /* HomeView.swift in Sources */,
				972A41F82CA076B900A3E733 /* MyPageViewController.swift in Sources */,
				970159C62C99921E007DEA4B /* LoginView.swift in Sources */,
				9764A7882CA913A500FED49F /* SavedView.swift in Sources */,
				972A41F62CA076AB00A3E733 /* SavedViewController.swift in Sources */,
				9764A78C2CA934F000FED49F /* SavedCell.swift in Sources */,
				97B5978D2C983753004E4921 /* SceneDelegate.swift in Sources */,
				972A41E92CA06D4D00A3E733 /* MyPageView.swift in Sources */,
				9764A78A2CA92E9500FED49F /* SavedModel.swift in Sources */,
			);
			runOnlyForDeploymentPostprocessing = 0;
		};
		97B597992C983754004E4921 /* Sources */ = {
			isa = PBXSourcesBuildPhase;
			buildActionMask = 2147483647;
			files = (
				97B597A22C983754004E4921 /* KreamTests.swift in Sources */,
			);
			runOnlyForDeploymentPostprocessing = 0;
		};
		97B597A32C983754004E4921 /* Sources */ = {
			isa = PBXSourcesBuildPhase;
			buildActionMask = 2147483647;
			files = (
				97B597AC2C983754004E4921 /* KreamUITests.swift in Sources */,
				97B597AE2C983754004E4921 /* KreamUITestsLaunchTests.swift in Sources */,
			);
			runOnlyForDeploymentPostprocessing = 0;
		};
/* End PBXSourcesBuildPhase section */

/* Begin PBXTargetDependency section */
		97B5979F2C983754004E4921 /* PBXTargetDependency */ = {
			isa = PBXTargetDependency;
			target = 97B597862C983753004E4921 /* Kream */;
			targetProxy = 97B5979E2C983754004E4921 /* PBXContainerItemProxy */;
		};
		97B597A92C983754004E4921 /* PBXTargetDependency */ = {
			isa = PBXTargetDependency;
			target = 97B597862C983753004E4921 /* Kream */;
			targetProxy = 97B597A82C983754004E4921 /* PBXContainerItemProxy */;
		};
/* End PBXTargetDependency section */

/* Begin XCBuildConfiguration section */
		97B597AF2C983754004E4921 /* Debug */ = {
			isa = XCBuildConfiguration;
			buildSettings = {
				ALWAYS_SEARCH_USER_PATHS = NO;
				ASSETCATALOG_COMPILER_GENERATE_SWIFT_ASSET_SYMBOL_EXTENSIONS = YES;
				CLANG_ANALYZER_NONNULL = YES;
				CLANG_ANALYZER_NUMBER_OBJECT_CONVERSION = YES_AGGRESSIVE;
				CLANG_CXX_LANGUAGE_STANDARD = "gnu++20";
				CLANG_ENABLE_MODULES = YES;
				CLANG_ENABLE_OBJC_ARC = YES;
				CLANG_ENABLE_OBJC_WEAK = YES;
				CLANG_WARN_BLOCK_CAPTURE_AUTORELEASING = YES;
				CLANG_WARN_BOOL_CONVERSION = YES;
				CLANG_WARN_COMMA = YES;
				CLANG_WARN_CONSTANT_CONVERSION = YES;
				CLANG_WARN_DEPRECATED_OBJC_IMPLEMENTATIONS = YES;
				CLANG_WARN_DIRECT_OBJC_ISA_USAGE = YES_ERROR;
				CLANG_WARN_DOCUMENTATION_COMMENTS = YES;
				CLANG_WARN_EMPTY_BODY = YES;
				CLANG_WARN_ENUM_CONVERSION = YES;
				CLANG_WARN_INFINITE_RECURSION = YES;
				CLANG_WARN_INT_CONVERSION = YES;
				CLANG_WARN_NON_LITERAL_NULL_CONVERSION = YES;
				CLANG_WARN_OBJC_IMPLICIT_RETAIN_SELF = YES;
				CLANG_WARN_OBJC_LITERAL_CONVERSION = YES;
				CLANG_WARN_OBJC_ROOT_CLASS = YES_ERROR;
				CLANG_WARN_QUOTED_INCLUDE_IN_FRAMEWORK_HEADER = YES;
				CLANG_WARN_RANGE_LOOP_ANALYSIS = YES;
				CLANG_WARN_STRICT_PROTOTYPES = YES;
				CLANG_WARN_SUSPICIOUS_MOVE = YES;
				CLANG_WARN_UNGUARDED_AVAILABILITY = YES_AGGRESSIVE;
				CLANG_WARN_UNREACHABLE_CODE = YES;
				CLANG_WARN__DUPLICATE_METHOD_MATCH = YES;
				COPY_PHASE_STRIP = NO;
				DEBUG_INFORMATION_FORMAT = dwarf;
				ENABLE_STRICT_OBJC_MSGSEND = YES;
				ENABLE_TESTABILITY = YES;
				ENABLE_USER_SCRIPT_SANDBOXING = NO;
				GCC_C_LANGUAGE_STANDARD = gnu17;
				GCC_DYNAMIC_NO_PIC = NO;
				GCC_NO_COMMON_BLOCKS = YES;
				GCC_OPTIMIZATION_LEVEL = 0;
				GCC_PREPROCESSOR_DEFINITIONS = (
					"DEBUG=1",
					"$(inherited)",
				);
				GCC_WARN_64_TO_32_BIT_CONVERSION = YES;
				GCC_WARN_ABOUT_RETURN_TYPE = YES_ERROR;
				GCC_WARN_UNDECLARED_SELECTOR = YES;
				GCC_WARN_UNINITIALIZED_AUTOS = YES_AGGRESSIVE;
				GCC_WARN_UNUSED_FUNCTION = YES;
				GCC_WARN_UNUSED_VARIABLE = YES;
				IPHONEOS_DEPLOYMENT_TARGET = 17.5;
				LOCALIZATION_PREFERS_STRING_CATALOGS = YES;
				MTL_ENABLE_DEBUG_INFO = INCLUDE_SOURCE;
				MTL_FAST_MATH = YES;
				ONLY_ACTIVE_ARCH = YES;
				SDKROOT = iphoneos;
				SWIFT_ACTIVE_COMPILATION_CONDITIONS = "DEBUG $(inherited)";
				SWIFT_OPTIMIZATION_LEVEL = "-Onone";
			};
			name = Debug;
		};
		97B597B02C983754004E4921 /* Release */ = {
			isa = XCBuildConfiguration;
			buildSettings = {
				ALWAYS_SEARCH_USER_PATHS = NO;
				ASSETCATALOG_COMPILER_GENERATE_SWIFT_ASSET_SYMBOL_EXTENSIONS = YES;
				CLANG_ANALYZER_NONNULL = YES;
				CLANG_ANALYZER_NUMBER_OBJECT_CONVERSION = YES_AGGRESSIVE;
				CLANG_CXX_LANGUAGE_STANDARD = "gnu++20";
				CLANG_ENABLE_MODULES = YES;
				CLANG_ENABLE_OBJC_ARC = YES;
				CLANG_ENABLE_OBJC_WEAK = YES;
				CLANG_WARN_BLOCK_CAPTURE_AUTORELEASING = YES;
				CLANG_WARN_BOOL_CONVERSION = YES;
				CLANG_WARN_COMMA = YES;
				CLANG_WARN_CONSTANT_CONVERSION = YES;
				CLANG_WARN_DEPRECATED_OBJC_IMPLEMENTATIONS = YES;
				CLANG_WARN_DIRECT_OBJC_ISA_USAGE = YES_ERROR;
				CLANG_WARN_DOCUMENTATION_COMMENTS = YES;
				CLANG_WARN_EMPTY_BODY = YES;
				CLANG_WARN_ENUM_CONVERSION = YES;
				CLANG_WARN_INFINITE_RECURSION = YES;
				CLANG_WARN_INT_CONVERSION = YES;
				CLANG_WARN_NON_LITERAL_NULL_CONVERSION = YES;
				CLANG_WARN_OBJC_IMPLICIT_RETAIN_SELF = YES;
				CLANG_WARN_OBJC_LITERAL_CONVERSION = YES;
				CLANG_WARN_OBJC_ROOT_CLASS = YES_ERROR;
				CLANG_WARN_QUOTED_INCLUDE_IN_FRAMEWORK_HEADER = YES;
				CLANG_WARN_RANGE_LOOP_ANALYSIS = YES;
				CLANG_WARN_STRICT_PROTOTYPES = YES;
				CLANG_WARN_SUSPICIOUS_MOVE = YES;
				CLANG_WARN_UNGUARDED_AVAILABILITY = YES_AGGRESSIVE;
				CLANG_WARN_UNREACHABLE_CODE = YES;
				CLANG_WARN__DUPLICATE_METHOD_MATCH = YES;
				COPY_PHASE_STRIP = NO;
				DEBUG_INFORMATION_FORMAT = "dwarf-with-dsym";
				ENABLE_NS_ASSERTIONS = NO;
				ENABLE_STRICT_OBJC_MSGSEND = YES;
				ENABLE_USER_SCRIPT_SANDBOXING = NO;
				GCC_C_LANGUAGE_STANDARD = gnu17;
				GCC_NO_COMMON_BLOCKS = YES;
				GCC_WARN_64_TO_32_BIT_CONVERSION = YES;
				GCC_WARN_ABOUT_RETURN_TYPE = YES_ERROR;
				GCC_WARN_UNDECLARED_SELECTOR = YES;
				GCC_WARN_UNINITIALIZED_AUTOS = YES_AGGRESSIVE;
				GCC_WARN_UNUSED_FUNCTION = YES;
				GCC_WARN_UNUSED_VARIABLE = YES;
				IPHONEOS_DEPLOYMENT_TARGET = 17.5;
				LOCALIZATION_PREFERS_STRING_CATALOGS = YES;
				MTL_ENABLE_DEBUG_INFO = NO;
				MTL_FAST_MATH = YES;
				SDKROOT = iphoneos;
				SWIFT_COMPILATION_MODE = wholemodule;
				VALIDATE_PRODUCT = YES;
			};
			name = Release;
		};
		97B597B22C983754004E4921 /* Debug */ = {
			isa = XCBuildConfiguration;
			baseConfigurationReference = A4898936340F9DDFB9945E53 /* Pods-Kream.debug.xcconfig */;
			buildSettings = {
				ASSETCATALOG_COMPILER_APPICON_NAME = AppIcon;
				ASSETCATALOG_COMPILER_GLOBAL_ACCENT_COLOR_NAME = AccentColor;
				CODE_SIGN_STYLE = Automatic;
				CURRENT_PROJECT_VERSION = 1;
				GENERATE_INFOPLIST_FILE = YES;
				INFOPLIST_FILE = Kream/Info.plist;
				INFOPLIST_KEY_UIApplicationSupportsIndirectInputEvents = YES;
				INFOPLIST_KEY_UILaunchStoryboardName = LaunchScreen;
				INFOPLIST_KEY_UISupportedInterfaceOrientations_iPad = "UIInterfaceOrientationPortrait UIInterfaceOrientationPortraitUpsideDown UIInterfaceOrientationLandscapeLeft UIInterfaceOrientationLandscapeRight";
				INFOPLIST_KEY_UISupportedInterfaceOrientations_iPhone = "UIInterfaceOrientationPortrait UIInterfaceOrientationLandscapeLeft UIInterfaceOrientationLandscapeRight";
				LD_RUNPATH_SEARCH_PATHS = (
					"$(inherited)",
					"@executable_path/Frameworks",
				);
				MARKETING_VERSION = 1.0;
				PRODUCT_BUNDLE_IDENTIFIER = "UMC6th-iOS.Kream";
				PRODUCT_NAME = "$(TARGET_NAME)";
				SWIFT_EMIT_LOC_STRINGS = YES;
				SWIFT_VERSION = 5.0;
				TARGETED_DEVICE_FAMILY = "1,2";
			};
			name = Debug;
		};
		97B597B32C983754004E4921 /* Release */ = {
			isa = XCBuildConfiguration;
			baseConfigurationReference = B4DD0DA48C7812308DB83063 /* Pods-Kream.release.xcconfig */;
			buildSettings = {
				ASSETCATALOG_COMPILER_APPICON_NAME = AppIcon;
				ASSETCATALOG_COMPILER_GLOBAL_ACCENT_COLOR_NAME = AccentColor;
				CODE_SIGN_STYLE = Automatic;
				CURRENT_PROJECT_VERSION = 1;
				GENERATE_INFOPLIST_FILE = YES;
				INFOPLIST_FILE = Kream/Info.plist;
				INFOPLIST_KEY_UIApplicationSupportsIndirectInputEvents = YES;
				INFOPLIST_KEY_UILaunchStoryboardName = LaunchScreen;
				INFOPLIST_KEY_UISupportedInterfaceOrientations_iPad = "UIInterfaceOrientationPortrait UIInterfaceOrientationPortraitUpsideDown UIInterfaceOrientationLandscapeLeft UIInterfaceOrientationLandscapeRight";
				INFOPLIST_KEY_UISupportedInterfaceOrientations_iPhone = "UIInterfaceOrientationPortrait UIInterfaceOrientationLandscapeLeft UIInterfaceOrientationLandscapeRight";
				LD_RUNPATH_SEARCH_PATHS = (
					"$(inherited)",
					"@executable_path/Frameworks",
				);
				MARKETING_VERSION = 1.0;
				PRODUCT_BUNDLE_IDENTIFIER = "UMC6th-iOS.Kream";
				PRODUCT_NAME = "$(TARGET_NAME)";
				SWIFT_EMIT_LOC_STRINGS = YES;
				SWIFT_VERSION = 5.0;
				TARGETED_DEVICE_FAMILY = "1,2";
			};
			name = Release;
		};
		97B597B52C983754004E4921 /* Debug */ = {
			isa = XCBuildConfiguration;
			baseConfigurationReference = BBF3DFA52F9C04D97C8C810E /* Pods-KreamTests.debug.xcconfig */;
			buildSettings = {
				ALWAYS_EMBED_SWIFT_STANDARD_LIBRARIES = YES;
				BUNDLE_LOADER = "$(TEST_HOST)";
				CODE_SIGN_STYLE = Automatic;
				CURRENT_PROJECT_VERSION = 1;
				GENERATE_INFOPLIST_FILE = YES;
				IPHONEOS_DEPLOYMENT_TARGET = 17.5;
				MARKETING_VERSION = 1.0;
				PRODUCT_BUNDLE_IDENTIFIER = "UMC6th-iOS.KreamTests";
				PRODUCT_NAME = "$(TARGET_NAME)";
				SWIFT_EMIT_LOC_STRINGS = NO;
				SWIFT_VERSION = 5.0;
				TARGETED_DEVICE_FAMILY = "1,2";
				TEST_HOST = "$(BUILT_PRODUCTS_DIR)/Kream.app/$(BUNDLE_EXECUTABLE_FOLDER_PATH)/Kream";
			};
			name = Debug;
		};
		97B597B62C983754004E4921 /* Release */ = {
			isa = XCBuildConfiguration;
			baseConfigurationReference = 35B5372972560EE290C756CA /* Pods-KreamTests.release.xcconfig */;
			buildSettings = {
				ALWAYS_EMBED_SWIFT_STANDARD_LIBRARIES = YES;
				BUNDLE_LOADER = "$(TEST_HOST)";
				CODE_SIGN_STYLE = Automatic;
				CURRENT_PROJECT_VERSION = 1;
				GENERATE_INFOPLIST_FILE = YES;
				IPHONEOS_DEPLOYMENT_TARGET = 17.5;
				MARKETING_VERSION = 1.0;
				PRODUCT_BUNDLE_IDENTIFIER = "UMC6th-iOS.KreamTests";
				PRODUCT_NAME = "$(TARGET_NAME)";
				SWIFT_EMIT_LOC_STRINGS = NO;
				SWIFT_VERSION = 5.0;
				TARGETED_DEVICE_FAMILY = "1,2";
				TEST_HOST = "$(BUILT_PRODUCTS_DIR)/Kream.app/$(BUNDLE_EXECUTABLE_FOLDER_PATH)/Kream";
			};
			name = Release;
		};
		97B597B82C983754004E4921 /* Debug */ = {
			isa = XCBuildConfiguration;
			baseConfigurationReference = B1EBA5746875E73CD927C46F /* Pods-Kream-KreamUITests.debug.xcconfig */;
			buildSettings = {
				ALWAYS_EMBED_SWIFT_STANDARD_LIBRARIES = YES;
				CODE_SIGN_STYLE = Automatic;
				CURRENT_PROJECT_VERSION = 1;
				GENERATE_INFOPLIST_FILE = YES;
				MARKETING_VERSION = 1.0;
				PRODUCT_BUNDLE_IDENTIFIER = "UMC6th-iOS.KreamUITests";
				PRODUCT_NAME = "$(TARGET_NAME)";
				SWIFT_EMIT_LOC_STRINGS = NO;
				SWIFT_VERSION = 5.0;
				TARGETED_DEVICE_FAMILY = "1,2";
				TEST_TARGET_NAME = Kream;
			};
			name = Debug;
		};
		97B597B92C983754004E4921 /* Release */ = {
			isa = XCBuildConfiguration;
			baseConfigurationReference = 37E78A9B0ED43995939B5806 /* Pods-Kream-KreamUITests.release.xcconfig */;
			buildSettings = {
				ALWAYS_EMBED_SWIFT_STANDARD_LIBRARIES = YES;
				CODE_SIGN_STYLE = Automatic;
				CURRENT_PROJECT_VERSION = 1;
				GENERATE_INFOPLIST_FILE = YES;
				MARKETING_VERSION = 1.0;
				PRODUCT_BUNDLE_IDENTIFIER = "UMC6th-iOS.KreamUITests";
				PRODUCT_NAME = "$(TARGET_NAME)";
				SWIFT_EMIT_LOC_STRINGS = NO;
				SWIFT_VERSION = 5.0;
				TARGETED_DEVICE_FAMILY = "1,2";
				TEST_TARGET_NAME = Kream;
			};
			name = Release;
		};
/* End XCBuildConfiguration section */

/* Begin XCConfigurationList section */
		97B597822C983753004E4921 /* Build configuration list for PBXProject "Kream" */ = {
			isa = XCConfigurationList;
			buildConfigurations = (
				97B597AF2C983754004E4921 /* Debug */,
				97B597B02C983754004E4921 /* Release */,
			);
			defaultConfigurationIsVisible = 0;
			defaultConfigurationName = Release;
		};
		97B597B12C983754004E4921 /* Build configuration list for PBXNativeTarget "Kream" */ = {
			isa = XCConfigurationList;
			buildConfigurations = (
				97B597B22C983754004E4921 /* Debug */,
				97B597B32C983754004E4921 /* Release */,
			);
			defaultConfigurationIsVisible = 0;
			defaultConfigurationName = Release;
		};
		97B597B42C983754004E4921 /* Build configuration list for PBXNativeTarget "KreamTests" */ = {
			isa = XCConfigurationList;
			buildConfigurations = (
				97B597B52C983754004E4921 /* Debug */,
				97B597B62C983754004E4921 /* Release */,
			);
			defaultConfigurationIsVisible = 0;
			defaultConfigurationName = Release;
		};
		97B597B72C983754004E4921 /* Build configuration list for PBXNativeTarget "KreamUITests" */ = {
			isa = XCConfigurationList;
			buildConfigurations = (
				97B597B82C983754004E4921 /* Debug */,
				97B597B92C983754004E4921 /* Release */,
			);
			defaultConfigurationIsVisible = 0;
			defaultConfigurationName = Release;
		};
/* End XCConfigurationList section */

/* Begin XCRemoteSwiftPackageReference section */
		972A41EA2CA06E5B00A3E733 /* XCRemoteSwiftPackageReference "SnapKit" */ = {
			isa = XCRemoteSwiftPackageReference;
			repositoryURL = "https://github.com/SnapKit/SnapKit";
			requirement = {
				kind = upToNextMajorVersion;
				minimumVersion = 5.7.1;
			};
		};
/* End XCRemoteSwiftPackageReference section */

/* Begin XCSwiftPackageProductDependency section */
		972A41EB2CA06E5B00A3E733 /* SnapKit */ = {
			isa = XCSwiftPackageProductDependency;
			package = 972A41EA2CA06E5B00A3E733 /* XCRemoteSwiftPackageReference "SnapKit" */;
			productName = SnapKit;
		};
/* End XCSwiftPackageProductDependency section */
	};
	rootObject = 97B5977F2C983753004E4921 /* Project object */;
}
